// !$*UTF8*$!
{
	archiveVersion = 1;
	classes = {
	};
	objectVersion = 56;
	objects = {

/* Begin PBXBuildFile section */
		3226DF7298E8ADC8B8F6FE17 /* Pods_authenticator_authenticatorUITests.framework in Frameworks */ = {isa = PBXBuildFile; fileRef = 06429EF812628CC9223F4B31 /* Pods_authenticator_authenticatorUITests.framework */; };
		4CC0E0E5DC68338ABF113345 /* Pods_authenticator.framework in Frameworks */ = {isa = PBXBuildFile; fileRef = 52C4F2DBCCBC3E90B26FECA8 /* Pods_authenticator.framework */; };
		7A0F558C297CCDAF00F5113B /* AddAccountView.swift in Sources */ = {isa = PBXBuildFile; fileRef = 7A0F558B297CCDAF00F5113B /* AddAccountView.swift */; };
		7A0F558E297E360700F5113B /* CodeDataViewModel.swift in Sources */ = {isa = PBXBuildFile; fileRef = 7A0F558D297E360700F5113B /* CodeDataViewModel.swift */; };
		7A0F5590297E37B500F5113B /* CoreDataCodeItemModel.swift in Sources */ = {isa = PBXBuildFile; fileRef = 7A0F558F297E37B500F5113B /* CoreDataCodeItemModel.swift */; };
		7A3377CC297BDE1E00495CE2 /* ColorExtension.swift in Sources */ = {isa = PBXBuildFile; fileRef = 7A3377CB297BDE1E00495CE2 /* ColorExtension.swift */; };
		7A3377CE297BE86500495CE2 /* ProgressBar.swift in Sources */ = {isa = PBXBuildFile; fileRef = 7A3377CD297BE86500495CE2 /* ProgressBar.swift */; };
		7A3377D0297C170A00495CE2 /* CodeColorModifier.swift in Sources */ = {isa = PBXBuildFile; fileRef = 7A3377CF297C170A00495CE2 /* CodeColorModifier.swift */; };
		7A3377D4297CA01900495CE2 /* UIFontExtension.swift in Sources */ = {isa = PBXBuildFile; fileRef = 7A3377D3297CA01900495CE2 /* UIFontExtension.swift */; };
		7A3377D6297CA03C00495CE2 /* FontExtension.swift in Sources */ = {isa = PBXBuildFile; fileRef = 7A3377D5297CA03C00495CE2 /* FontExtension.swift */; };
		7A9A02B1296FA775007D5E87 /* authenticatorApp.swift in Sources */ = {isa = PBXBuildFile; fileRef = 7A9A02B0296FA775007D5E87 /* authenticatorApp.swift */; };
		7A9A02B3296FA775007D5E87 /* ContentView.swift in Sources */ = {isa = PBXBuildFile; fileRef = 7A9A02B2296FA775007D5E87 /* ContentView.swift */; };
		7A9A02B5296FA776007D5E87 /* Assets.xcassets in Resources */ = {isa = PBXBuildFile; fileRef = 7A9A02B4296FA776007D5E87 /* Assets.xcassets */; };
		7A9A02B8296FA776007D5E87 /* Preview Assets.xcassets in Resources */ = {isa = PBXBuildFile; fileRef = 7A9A02B7296FA776007D5E87 /* Preview Assets.xcassets */; };
		7A9A02BA296FA776007D5E87 /* Persistence.swift in Sources */ = {isa = PBXBuildFile; fileRef = 7A9A02B9296FA776007D5E87 /* Persistence.swift */; };
		7A9A02BD296FA776007D5E87 /* authenticator.xcdatamodeld in Sources */ = {isa = PBXBuildFile; fileRef = 7A9A02BB296FA776007D5E87 /* authenticator.xcdatamodeld */; };
		7A9A02C8296FA776007D5E87 /* authenticatorTests.swift in Sources */ = {isa = PBXBuildFile; fileRef = 7A9A02C7296FA776007D5E87 /* authenticatorTests.swift */; };
		7A9A02D2296FA776007D5E87 /* authenticatorUITests.swift in Sources */ = {isa = PBXBuildFile; fileRef = 7A9A02D1296FA776007D5E87 /* authenticatorUITests.swift */; };
		7A9A02D4296FA776007D5E87 /* authenticatorUITestsLaunchTests.swift in Sources */ = {isa = PBXBuildFile; fileRef = 7A9A02D3296FA776007D5E87 /* authenticatorUITestsLaunchTests.swift */; };
		7A9D107729782D4B007EDAAA /* CodeView.swift in Sources */ = {isa = PBXBuildFile; fileRef = 7A9D107629782D4B007EDAAA /* CodeView.swift */; };
		7A9D107929782DB3007EDAAA /* CodeModel.swift in Sources */ = {isa = PBXBuildFile; fileRef = 7A9D107829782DB3007EDAAA /* CodeModel.swift */; };
		7A9D107B29782E2C007EDAAA /* TimerViewModel.swift in Sources */ = {isa = PBXBuildFile; fileRef = 7A9D107A29782E2C007EDAAA /* TimerViewModel.swift */; };
		7AC384922978C3FF00C19993 /* TimeModel.swift in Sources */ = {isa = PBXBuildFile; fileRef = 7AC384912978C3FF00C19993 /* TimeModel.swift */; };
		E79A8E6B4A01C8CFCF0FE3CD /* Pods_authenticatorTests.framework in Frameworks */ = {isa = PBXBuildFile; fileRef = 79AA83C6356D790165C7C0EF /* Pods_authenticatorTests.framework */; };
/* End PBXBuildFile section */

/* Begin PBXContainerItemProxy section */
		7A9A02C4296FA776007D5E87 /* PBXContainerItemProxy */ = {
			isa = PBXContainerItemProxy;
			containerPortal = 7A9A02A5296FA775007D5E87 /* Project object */;
			proxyType = 1;
			remoteGlobalIDString = 7A9A02AC296FA775007D5E87;
			remoteInfo = authenticator;
		};
		7A9A02CE296FA776007D5E87 /* PBXContainerItemProxy */ = {
			isa = PBXContainerItemProxy;
			containerPortal = 7A9A02A5296FA775007D5E87 /* Project object */;
			proxyType = 1;
			remoteGlobalIDString = 7A9A02AC296FA775007D5E87;
			remoteInfo = authenticator;
		};
/* End PBXContainerItemProxy section */

/* Begin PBXFileReference section */
		06429EF812628CC9223F4B31 /* Pods_authenticator_authenticatorUITests.framework */ = {isa = PBXFileReference; explicitFileType = wrapper.framework; includeInIndex = 0; path = Pods_authenticator_authenticatorUITests.framework; sourceTree = BUILT_PRODUCTS_DIR; };
		06CE3533C6FFFBAAD6EBB7F5 /* Pods-authenticator-authenticatorUITests.release.xcconfig */ = {isa = PBXFileReference; includeInIndex = 1; lastKnownFileType = text.xcconfig; name = "Pods-authenticator-authenticatorUITests.release.xcconfig"; path = "Target Support Files/Pods-authenticator-authenticatorUITests/Pods-authenticator-authenticatorUITests.release.xcconfig"; sourceTree = "<group>"; };
		23BAC47481DD4CF6CEB43E32 /* Pods-authenticator-authenticatorUITests.debug.xcconfig */ = {isa = PBXFileReference; includeInIndex = 1; lastKnownFileType = text.xcconfig; name = "Pods-authenticator-authenticatorUITests.debug.xcconfig"; path = "Target Support Files/Pods-authenticator-authenticatorUITests/Pods-authenticator-authenticatorUITests.debug.xcconfig"; sourceTree = "<group>"; };
		4ACF2986E5510D5F00282937 /* Pods-authenticatorTests.release.xcconfig */ = {isa = PBXFileReference; includeInIndex = 1; lastKnownFileType = text.xcconfig; name = "Pods-authenticatorTests.release.xcconfig"; path = "Target Support Files/Pods-authenticatorTests/Pods-authenticatorTests.release.xcconfig"; sourceTree = "<group>"; };
		52C4F2DBCCBC3E90B26FECA8 /* Pods_authenticator.framework */ = {isa = PBXFileReference; explicitFileType = wrapper.framework; includeInIndex = 0; path = Pods_authenticator.framework; sourceTree = BUILT_PRODUCTS_DIR; };
		79AA83C6356D790165C7C0EF /* Pods_authenticatorTests.framework */ = {isa = PBXFileReference; explicitFileType = wrapper.framework; includeInIndex = 0; path = Pods_authenticatorTests.framework; sourceTree = BUILT_PRODUCTS_DIR; };
		7A0F558B297CCDAF00F5113B /* AddAccountView.swift */ = {isa = PBXFileReference; lastKnownFileType = sourcecode.swift; path = AddAccountView.swift; sourceTree = "<group>"; };
		7A0F558D297E360700F5113B /* CodeDataViewModel.swift */ = {isa = PBXFileReference; lastKnownFileType = sourcecode.swift; path = CodeDataViewModel.swift; sourceTree = "<group>"; };
		7A0F558F297E37B500F5113B /* CoreDataCodeItemModel.swift */ = {isa = PBXFileReference; lastKnownFileType = sourcecode.swift; path = CoreDataCodeItemModel.swift; sourceTree = "<group>"; };
		7A3377CB297BDE1E00495CE2 /* ColorExtension.swift */ = {isa = PBXFileReference; lastKnownFileType = sourcecode.swift; path = ColorExtension.swift; sourceTree = "<group>"; };
		7A3377CD297BE86500495CE2 /* ProgressBar.swift */ = {isa = PBXFileReference; lastKnownFileType = sourcecode.swift; path = ProgressBar.swift; sourceTree = "<group>"; };
		7A3377CF297C170A00495CE2 /* CodeColorModifier.swift */ = {isa = PBXFileReference; lastKnownFileType = sourcecode.swift; path = CodeColorModifier.swift; sourceTree = "<group>"; };
		7A3377D3297CA01900495CE2 /* UIFontExtension.swift */ = {isa = PBXFileReference; lastKnownFileType = sourcecode.swift; path = UIFontExtension.swift; sourceTree = "<group>"; };
		7A3377D5297CA03C00495CE2 /* FontExtension.swift */ = {isa = PBXFileReference; lastKnownFileType = sourcecode.swift; path = FontExtension.swift; sourceTree = "<group>"; };
		7A9A02AD296FA775007D5E87 /* authenticator.app */ = {isa = PBXFileReference; explicitFileType = wrapper.application; includeInIndex = 0; path = authenticator.app; sourceTree = BUILT_PRODUCTS_DIR; };
		7A9A02B0296FA775007D5E87 /* authenticatorApp.swift */ = {isa = PBXFileReference; lastKnownFileType = sourcecode.swift; path = authenticatorApp.swift; sourceTree = "<group>"; };
		7A9A02B2296FA775007D5E87 /* ContentView.swift */ = {isa = PBXFileReference; lastKnownFileType = sourcecode.swift; path = ContentView.swift; sourceTree = "<group>"; };
		7A9A02B4296FA776007D5E87 /* Assets.xcassets */ = {isa = PBXFileReference; lastKnownFileType = folder.assetcatalog; path = Assets.xcassets; sourceTree = "<group>"; };
		7A9A02B7296FA776007D5E87 /* Preview Assets.xcassets */ = {isa = PBXFileReference; lastKnownFileType = folder.assetcatalog; path = "Preview Assets.xcassets"; sourceTree = "<group>"; };
		7A9A02B9296FA776007D5E87 /* Persistence.swift */ = {isa = PBXFileReference; lastKnownFileType = sourcecode.swift; path = Persistence.swift; sourceTree = "<group>"; };
		7A9A02BC296FA776007D5E87 /* authenticator.xcdatamodel */ = {isa = PBXFileReference; lastKnownFileType = wrapper.xcdatamodel; path = authenticator.xcdatamodel; sourceTree = "<group>"; };
		7A9A02BE296FA776007D5E87 /* Info.plist */ = {isa = PBXFileReference; lastKnownFileType = text.plist.xml; path = Info.plist; sourceTree = "<group>"; };
		7A9A02C3296FA776007D5E87 /* authenticatorTests.xctest */ = {isa = PBXFileReference; explicitFileType = wrapper.cfbundle; includeInIndex = 0; path = authenticatorTests.xctest; sourceTree = BUILT_PRODUCTS_DIR; };
		7A9A02C7296FA776007D5E87 /* authenticatorTests.swift */ = {isa = PBXFileReference; lastKnownFileType = sourcecode.swift; path = authenticatorTests.swift; sourceTree = "<group>"; };
		7A9A02CD296FA776007D5E87 /* authenticatorUITests.xctest */ = {isa = PBXFileReference; explicitFileType = wrapper.cfbundle; includeInIndex = 0; path = authenticatorUITests.xctest; sourceTree = BUILT_PRODUCTS_DIR; };
		7A9A02D1296FA776007D5E87 /* authenticatorUITests.swift */ = {isa = PBXFileReference; lastKnownFileType = sourcecode.swift; path = authenticatorUITests.swift; sourceTree = "<group>"; };
		7A9A02D3296FA776007D5E87 /* authenticatorUITestsLaunchTests.swift */ = {isa = PBXFileReference; lastKnownFileType = sourcecode.swift; path = authenticatorUITestsLaunchTests.swift; sourceTree = "<group>"; };
		7A9D107629782D4B007EDAAA /* CodeView.swift */ = {isa = PBXFileReference; lastKnownFileType = sourcecode.swift; path = CodeView.swift; sourceTree = "<group>"; };
		7A9D107829782DB3007EDAAA /* CodeModel.swift */ = {isa = PBXFileReference; lastKnownFileType = sourcecode.swift; path = CodeModel.swift; sourceTree = "<group>"; };
		7A9D107A29782E2C007EDAAA /* TimerViewModel.swift */ = {isa = PBXFileReference; lastKnownFileType = sourcecode.swift; path = TimerViewModel.swift; sourceTree = "<group>"; };
		7AC384912978C3FF00C19993 /* TimeModel.swift */ = {isa = PBXFileReference; lastKnownFileType = sourcecode.swift; path = TimeModel.swift; sourceTree = "<group>"; };
		BBED22893324C18C071C6D69 /* Pods-authenticatorTests.debug.xcconfig */ = {isa = PBXFileReference; includeInIndex = 1; lastKnownFileType = text.xcconfig; name = "Pods-authenticatorTests.debug.xcconfig"; path = "Target Support Files/Pods-authenticatorTests/Pods-authenticatorTests.debug.xcconfig"; sourceTree = "<group>"; };
		DF6906520EB6477794EF7FC9 /* Pods-authenticator.release.xcconfig */ = {isa = PBXFileReference; includeInIndex = 1; lastKnownFileType = text.xcconfig; name = "Pods-authenticator.release.xcconfig"; path = "Target Support Files/Pods-authenticator/Pods-authenticator.release.xcconfig"; sourceTree = "<group>"; };
		FDBF1B2E3747F849585A7A34 /* Pods-authenticator.debug.xcconfig */ = {isa = PBXFileReference; includeInIndex = 1; lastKnownFileType = text.xcconfig; name = "Pods-authenticator.debug.xcconfig"; path = "Target Support Files/Pods-authenticator/Pods-authenticator.debug.xcconfig"; sourceTree = "<group>"; };
/* End PBXFileReference section */

/* Begin PBXFrameworksBuildPhase section */
		7A9A02AA296FA775007D5E87 /* Frameworks */ = {
			isa = PBXFrameworksBuildPhase;
			buildActionMask = 2147483647;
			files = (
				4CC0E0E5DC68338ABF113345 /* Pods_authenticator.framework in Frameworks */,
			);
			runOnlyForDeploymentPostprocessing = 0;
		};
		7A9A02C0296FA776007D5E87 /* Frameworks */ = {
			isa = PBXFrameworksBuildPhase;
			buildActionMask = 2147483647;
			files = (
				E79A8E6B4A01C8CFCF0FE3CD /* Pods_authenticatorTests.framework in Frameworks */,
			);
			runOnlyForDeploymentPostprocessing = 0;
		};
		7A9A02CA296FA776007D5E87 /* Frameworks */ = {
			isa = PBXFrameworksBuildPhase;
			buildActionMask = 2147483647;
			files = (
				3226DF7298E8ADC8B8F6FE17 /* Pods_authenticator_authenticatorUITests.framework in Frameworks */,
			);
			runOnlyForDeploymentPostprocessing = 0;
		};
/* End PBXFrameworksBuildPhase section */

/* Begin PBXGroup section */
		1BA92C7EFF852FEBD4837C2B /* Frameworks */ = {
			isa = PBXGroup;
			children = (
				52C4F2DBCCBC3E90B26FECA8 /* Pods_authenticator.framework */,
				06429EF812628CC9223F4B31 /* Pods_authenticator_authenticatorUITests.framework */,
				79AA83C6356D790165C7C0EF /* Pods_authenticatorTests.framework */,
			);
			name = Frameworks;
			sourceTree = "<group>";
		};
		7A3377D1297C19B500495CE2 /* Modifiers */ = {
			isa = PBXGroup;
			children = (
				7A3377CF297C170A00495CE2 /* CodeColorModifier.swift */,
			);
			path = Modifiers;
			sourceTree = "<group>";
		};
		7A3377D2297C19CD00495CE2 /* Extensions */ = {
			isa = PBXGroup;
			children = (
				7A3377CB297BDE1E00495CE2 /* ColorExtension.swift */,
				7A3377D3297CA01900495CE2 /* UIFontExtension.swift */,
				7A3377D5297CA03C00495CE2 /* FontExtension.swift */,
			);
			path = Extensions;
			sourceTree = "<group>";
		};
		7A9A02A4296FA775007D5E87 = {
			isa = PBXGroup;
			children = (
				7A9A02AF296FA775007D5E87 /* authenticator */,
				7A9A02C6296FA776007D5E87 /* authenticatorTests */,
				7A9A02D0296FA776007D5E87 /* authenticatorUITests */,
				7A9A02AE296FA775007D5E87 /* Products */,
				FA7AE594D1762B24FD5445E1 /* Pods */,
				1BA92C7EFF852FEBD4837C2B /* Frameworks */,
			);
			sourceTree = "<group>";
		};
		7A9A02AE296FA775007D5E87 /* Products */ = {
			isa = PBXGroup;
			children = (
				7A9A02AD296FA775007D5E87 /* authenticator.app */,
				7A9A02C3296FA776007D5E87 /* authenticatorTests.xctest */,
				7A9A02CD296FA776007D5E87 /* authenticatorUITests.xctest */,
			);
			name = Products;
			sourceTree = "<group>";
		};
		7A9A02AF296FA775007D5E87 /* authenticator */ = {
			isa = PBXGroup;
			children = (
				7A9A02B0296FA775007D5E87 /* authenticatorApp.swift */,
				7A9A02B2296FA775007D5E87 /* ContentView.swift */,
				7A9D107629782D4B007EDAAA /* CodeView.swift */,
				7A0F558B297CCDAF00F5113B /* AddAccountView.swift */,
				7A3377CD297BE86500495CE2 /* ProgressBar.swift */,
				7A3377D2297C19CD00495CE2 /* Extensions */,
				7A3377D1297C19B500495CE2 /* Modifiers */,
				7A9D107C29782F2C007EDAAA /* ViewModel */,
				7AC384902978C3EB00C19993 /* Models */,
				7A9A02B4296FA776007D5E87 /* Assets.xcassets */,
				7A9A02B9296FA776007D5E87 /* Persistence.swift */,
				7A9A02BE296FA776007D5E87 /* Info.plist */,
				7A9A02BB296FA776007D5E87 /* authenticator.xcdatamodeld */,
				7A9A02B6296FA776007D5E87 /* Preview Content */,
			);
			path = authenticator;
			sourceTree = "<group>";
		};
		7A9A02B6296FA776007D5E87 /* Preview Content */ = {
			isa = PBXGroup;
			children = (
				7A9A02B7296FA776007D5E87 /* Preview Assets.xcassets */,
			);
			path = "Preview Content";
			sourceTree = "<group>";
		};
		7A9A02C6296FA776007D5E87 /* authenticatorTests */ = {
			isa = PBXGroup;
			children = (
				7A9A02C7296FA776007D5E87 /* authenticatorTests.swift */,
			);
			path = authenticatorTests;
			sourceTree = "<group>";
		};
		7A9A02D0296FA776007D5E87 /* authenticatorUITests */ = {
			isa = PBXGroup;
			children = (
				7A9A02D1296FA776007D5E87 /* authenticatorUITests.swift */,
				7A9A02D3296FA776007D5E87 /* authenticatorUITestsLaunchTests.swift */,
			);
			path = authenticatorUITests;
			sourceTree = "<group>";
		};
		7A9D107C29782F2C007EDAAA /* ViewModel */ = {
			isa = PBXGroup;
			children = (
				7A0F558D297E360700F5113B /* CodeDataViewModel.swift */,
				7A9D107A29782E2C007EDAAA /* TimerViewModel.swift */,
			);
			path = ViewModel;
			sourceTree = "<group>";
		};
		7AC384902978C3EB00C19993 /* Models */ = {
			isa = PBXGroup;
			children = (
				7A9D107829782DB3007EDAAA /* CodeModel.swift */,
				7A0F558F297E37B500F5113B /* CoreDataCodeItemModel.swift */,
				7AC384912978C3FF00C19993 /* TimeModel.swift */,
			);
			path = Models;
			sourceTree = "<group>";
		};
		FA7AE594D1762B24FD5445E1 /* Pods */ = {
			isa = PBXGroup;
			children = (
				FDBF1B2E3747F849585A7A34 /* Pods-authenticator.debug.xcconfig */,
				DF6906520EB6477794EF7FC9 /* Pods-authenticator.release.xcconfig */,
				23BAC47481DD4CF6CEB43E32 /* Pods-authenticator-authenticatorUITests.debug.xcconfig */,
				06CE3533C6FFFBAAD6EBB7F5 /* Pods-authenticator-authenticatorUITests.release.xcconfig */,
				BBED22893324C18C071C6D69 /* Pods-authenticatorTests.debug.xcconfig */,
				4ACF2986E5510D5F00282937 /* Pods-authenticatorTests.release.xcconfig */,
			);
			path = Pods;
			sourceTree = "<group>";
		};
/* End PBXGroup section */

/* Begin PBXNativeTarget section */
		7A9A02AC296FA775007D5E87 /* authenticator */ = {
			isa = PBXNativeTarget;
			buildConfigurationList = 7A9A02D7296FA776007D5E87 /* Build configuration list for PBXNativeTarget "authenticator" */;
			buildPhases = (
				1DB5822C4049328B649A191A /* [CP] Check Pods Manifest.lock */,
				7A9A02A9296FA775007D5E87 /* Sources */,
				7A9A02AA296FA775007D5E87 /* Frameworks */,
				7A9A02AB296FA775007D5E87 /* Resources */,
				EE31B4410933F94336C69C23 /* [CP] Embed Pods Frameworks */,
			);
			buildRules = (
			);
			dependencies = (
			);
			name = authenticator;
			productName = authenticator;
			productReference = 7A9A02AD296FA775007D5E87 /* authenticator.app */;
			productType = "com.apple.product-type.application";
		};
		7A9A02C2296FA776007D5E87 /* authenticatorTests */ = {
			isa = PBXNativeTarget;
			buildConfigurationList = 7A9A02DA296FA776007D5E87 /* Build configuration list for PBXNativeTarget "authenticatorTests" */;
			buildPhases = (
				0E4121C247DA64E07B101D1D /* [CP] Check Pods Manifest.lock */,
				7A9A02BF296FA776007D5E87 /* Sources */,
				7A9A02C0296FA776007D5E87 /* Frameworks */,
				7A9A02C1296FA776007D5E87 /* Resources */,
			);
			buildRules = (
			);
			dependencies = (
				7A9A02C5296FA776007D5E87 /* PBXTargetDependency */,
			);
			name = authenticatorTests;
			productName = authenticatorTests;
			productReference = 7A9A02C3296FA776007D5E87 /* authenticatorTests.xctest */;
			productType = "com.apple.product-type.bundle.unit-test";
		};
		7A9A02CC296FA776007D5E87 /* authenticatorUITests */ = {
			isa = PBXNativeTarget;
			buildConfigurationList = 7A9A02DD296FA776007D5E87 /* Build configuration list for PBXNativeTarget "authenticatorUITests" */;
			buildPhases = (
				17A7209A216D8EFB832BE598 /* [CP] Check Pods Manifest.lock */,
				7A9A02C9296FA776007D5E87 /* Sources */,
				7A9A02CA296FA776007D5E87 /* Frameworks */,
				7A9A02CB296FA776007D5E87 /* Resources */,
				A768401A97191664DF90A85F /* [CP] Embed Pods Frameworks */,
			);
			buildRules = (
			);
			dependencies = (
				7A9A02CF296FA776007D5E87 /* PBXTargetDependency */,
			);
			name = authenticatorUITests;
			productName = authenticatorUITests;
			productReference = 7A9A02CD296FA776007D5E87 /* authenticatorUITests.xctest */;
			productType = "com.apple.product-type.bundle.ui-testing";
		};
/* End PBXNativeTarget section */

/* Begin PBXProject section */
		7A9A02A5296FA775007D5E87 /* Project object */ = {
			isa = PBXProject;
			attributes = {
				BuildIndependentTargetsInParallel = 1;
				LastSwiftUpdateCheck = 1420;
				LastUpgradeCheck = 1420;
				TargetAttributes = {
					7A9A02AC296FA775007D5E87 = {
						CreatedOnToolsVersion = 14.2;
					};
					7A9A02C2296FA776007D5E87 = {
						CreatedOnToolsVersion = 14.2;
						TestTargetID = 7A9A02AC296FA775007D5E87;
					};
					7A9A02CC296FA776007D5E87 = {
						CreatedOnToolsVersion = 14.2;
						TestTargetID = 7A9A02AC296FA775007D5E87;
					};
				};
			};
			buildConfigurationList = 7A9A02A8296FA775007D5E87 /* Build configuration list for PBXProject "authenticator" */;
			compatibilityVersion = "Xcode 14.0";
			developmentRegion = en;
			hasScannedForEncodings = 0;
			knownRegions = (
				en,
				Base,
			);
			mainGroup = 7A9A02A4296FA775007D5E87;
			productRefGroup = 7A9A02AE296FA775007D5E87 /* Products */;
			projectDirPath = "";
			projectRoot = "";
			targets = (
				7A9A02AC296FA775007D5E87 /* authenticator */,
				7A9A02C2296FA776007D5E87 /* authenticatorTests */,
				7A9A02CC296FA776007D5E87 /* authenticatorUITests */,
			);
		};
/* End PBXProject section */

/* Begin PBXResourcesBuildPhase section */
		7A9A02AB296FA775007D5E87 /* Resources */ = {
			isa = PBXResourcesBuildPhase;
			buildActionMask = 2147483647;
			files = (
				7A9A02B8296FA776007D5E87 /* Preview Assets.xcassets in Resources */,
				7A9A02B5296FA776007D5E87 /* Assets.xcassets in Resources */,
			);
			runOnlyForDeploymentPostprocessing = 0;
		};
		7A9A02C1296FA776007D5E87 /* Resources */ = {
			isa = PBXResourcesBuildPhase;
			buildActionMask = 2147483647;
			files = (
			);
			runOnlyForDeploymentPostprocessing = 0;
		};
		7A9A02CB296FA776007D5E87 /* Resources */ = {
			isa = PBXResourcesBuildPhase;
			buildActionMask = 2147483647;
			files = (
			);
			runOnlyForDeploymentPostprocessing = 0;
		};
/* End PBXResourcesBuildPhase section */

/* Begin PBXShellScriptBuildPhase section */
		0E4121C247DA64E07B101D1D /* [CP] Check Pods Manifest.lock */ = {
			isa = PBXShellScriptBuildPhase;
			buildActionMask = 2147483647;
			files = (
			);
			inputFileListPaths = (
			);
			inputPaths = (
				"${PODS_PODFILE_DIR_PATH}/Podfile.lock",
				"${PODS_ROOT}/Manifest.lock",
			);
			name = "[CP] Check Pods Manifest.lock";
			outputFileListPaths = (
			);
			outputPaths = (
				"$(DERIVED_FILE_DIR)/Pods-authenticatorTests-checkManifestLockResult.txt",
			);
			runOnlyForDeploymentPostprocessing = 0;
			shellPath = /bin/sh;
			shellScript = "diff \"${PODS_PODFILE_DIR_PATH}/Podfile.lock\" \"${PODS_ROOT}/Manifest.lock\" > /dev/null\nif [ $? != 0 ] ; then\n    # print error to STDERR\n    echo \"error: The sandbox is not in sync with the Podfile.lock. Run 'pod install' or update your CocoaPods installation.\" >&2\n    exit 1\nfi\n# This output is used by Xcode 'outputs' to avoid re-running this script phase.\necho \"SUCCESS\" > \"${SCRIPT_OUTPUT_FILE_0}\"\n";
			showEnvVarsInLog = 0;
		};
		17A7209A216D8EFB832BE598 /* [CP] Check Pods Manifest.lock */ = {
			isa = PBXShellScriptBuildPhase;
			buildActionMask = 2147483647;
			files = (
			);
			inputFileListPaths = (
			);
			inputPaths = (
				"${PODS_PODFILE_DIR_PATH}/Podfile.lock",
				"${PODS_ROOT}/Manifest.lock",
			);
			name = "[CP] Check Pods Manifest.lock";
			outputFileListPaths = (
			);
			outputPaths = (
				"$(DERIVED_FILE_DIR)/Pods-authenticator-authenticatorUITests-checkManifestLockResult.txt",
			);
			runOnlyForDeploymentPostprocessing = 0;
			shellPath = /bin/sh;
			shellScript = "diff \"${PODS_PODFILE_DIR_PATH}/Podfile.lock\" \"${PODS_ROOT}/Manifest.lock\" > /dev/null\nif [ $? != 0 ] ; then\n    # print error to STDERR\n    echo \"error: The sandbox is not in sync with the Podfile.lock. Run 'pod install' or update your CocoaPods installation.\" >&2\n    exit 1\nfi\n# This output is used by Xcode 'outputs' to avoid re-running this script phase.\necho \"SUCCESS\" > \"${SCRIPT_OUTPUT_FILE_0}\"\n";
			showEnvVarsInLog = 0;
		};
		1DB5822C4049328B649A191A /* [CP] Check Pods Manifest.lock */ = {
			isa = PBXShellScriptBuildPhase;
			buildActionMask = 2147483647;
			files = (
			);
			inputFileListPaths = (
			);
			inputPaths = (
				"${PODS_PODFILE_DIR_PATH}/Podfile.lock",
				"${PODS_ROOT}/Manifest.lock",
			);
			name = "[CP] Check Pods Manifest.lock";
			outputFileListPaths = (
			);
			outputPaths = (
				"$(DERIVED_FILE_DIR)/Pods-authenticator-checkManifestLockResult.txt",
			);
			runOnlyForDeploymentPostprocessing = 0;
			shellPath = /bin/sh;
			shellScript = "diff \"${PODS_PODFILE_DIR_PATH}/Podfile.lock\" \"${PODS_ROOT}/Manifest.lock\" > /dev/null\nif [ $? != 0 ] ; then\n    # print error to STDERR\n    echo \"error: The sandbox is not in sync with the Podfile.lock. Run 'pod install' or update your CocoaPods installation.\" >&2\n    exit 1\nfi\n# This output is used by Xcode 'outputs' to avoid re-running this script phase.\necho \"SUCCESS\" > \"${SCRIPT_OUTPUT_FILE_0}\"\n";
			showEnvVarsInLog = 0;
		};
		A768401A97191664DF90A85F /* [CP] Embed Pods Frameworks */ = {
			isa = PBXShellScriptBuildPhase;
			buildActionMask = 2147483647;
			files = (
			);
			inputFileListPaths = (
				"${PODS_ROOT}/Target Support Files/Pods-authenticator-authenticatorUITests/Pods-authenticator-authenticatorUITests-frameworks-${CONFIGURATION}-input-files.xcfilelist",
			);
			name = "[CP] Embed Pods Frameworks";
			outputFileListPaths = (
				"${PODS_ROOT}/Target Support Files/Pods-authenticator-authenticatorUITests/Pods-authenticator-authenticatorUITests-frameworks-${CONFIGURATION}-output-files.xcfilelist",
			);
			runOnlyForDeploymentPostprocessing = 0;
			shellPath = /bin/sh;
			shellScript = "\"${PODS_ROOT}/Target Support Files/Pods-authenticator-authenticatorUITests/Pods-authenticator-authenticatorUITests-frameworks.sh\"\n";
			showEnvVarsInLog = 0;
		};
		EE31B4410933F94336C69C23 /* [CP] Embed Pods Frameworks */ = {
			isa = PBXShellScriptBuildPhase;
			buildActionMask = 2147483647;
			files = (
			);
			inputFileListPaths = (
				"${PODS_ROOT}/Target Support Files/Pods-authenticator/Pods-authenticator-frameworks-${CONFIGURATION}-input-files.xcfilelist",
			);
			name = "[CP] Embed Pods Frameworks";
			outputFileListPaths = (
				"${PODS_ROOT}/Target Support Files/Pods-authenticator/Pods-authenticator-frameworks-${CONFIGURATION}-output-files.xcfilelist",
			);
			runOnlyForDeploymentPostprocessing = 0;
			shellPath = /bin/sh;
			shellScript = "\"${PODS_ROOT}/Target Support Files/Pods-authenticator/Pods-authenticator-frameworks.sh\"\n";
			showEnvVarsInLog = 0;
		};
/* End PBXShellScriptBuildPhase section */

/* Begin PBXSourcesBuildPhase section */
		7A9A02A9296FA775007D5E87 /* Sources */ = {
			isa = PBXSourcesBuildPhase;
			buildActionMask = 2147483647;
			files = (
				7A9D107B29782E2C007EDAAA /* TimerViewModel.swift in Sources */,
				7A0F5590297E37B500F5113B /* CoreDataCodeItemModel.swift in Sources */,
				7A9A02BA296FA776007D5E87 /* Persistence.swift in Sources */,
				7A0F558C297CCDAF00F5113B /* AddAccountView.swift in Sources */,
				7A3377D0297C170A00495CE2 /* CodeColorModifier.swift in Sources */,
				7A9A02BD296FA776007D5E87 /* authenticator.xcdatamodeld in Sources */,
				7A3377CC297BDE1E00495CE2 /* ColorExtension.swift in Sources */,
				7A9A02B3296FA775007D5E87 /* ContentView.swift in Sources */,
				7A9D107729782D4B007EDAAA /* CodeView.swift in Sources */,
				7AC384922978C3FF00C19993 /* TimeModel.swift in Sources */,
				7A9D107929782DB3007EDAAA /* CodeModel.swift in Sources */,
				7A0F558E297E360700F5113B /* CodeDataViewModel.swift in Sources */,
				7A3377CE297BE86500495CE2 /* ProgressBar.swift in Sources */,
				7A3377D4297CA01900495CE2 /* UIFontExtension.swift in Sources */,
				7A3377D6297CA03C00495CE2 /* FontExtension.swift in Sources */,
				7A9A02B1296FA775007D5E87 /* authenticatorApp.swift in Sources */,
			);
			runOnlyForDeploymentPostprocessing = 0;
		};
		7A9A02BF296FA776007D5E87 /* Sources */ = {
			isa = PBXSourcesBuildPhase;
			buildActionMask = 2147483647;
			files = (
				7A9A02C8296FA776007D5E87 /* authenticatorTests.swift in Sources */,
			);
			runOnlyForDeploymentPostprocessing = 0;
		};
		7A9A02C9296FA776007D5E87 /* Sources */ = {
			isa = PBXSourcesBuildPhase;
			buildActionMask = 2147483647;
			files = (
				7A9A02D4296FA776007D5E87 /* authenticatorUITestsLaunchTests.swift in Sources */,
				7A9A02D2296FA776007D5E87 /* authenticatorUITests.swift in Sources */,
			);
			runOnlyForDeploymentPostprocessing = 0;
		};
/* End PBXSourcesBuildPhase section */

/* Begin PBXTargetDependency section */
		7A9A02C5296FA776007D5E87 /* PBXTargetDependency */ = {
			isa = PBXTargetDependency;
			target = 7A9A02AC296FA775007D5E87 /* authenticator */;
			targetProxy = 7A9A02C4296FA776007D5E87 /* PBXContainerItemProxy */;
		};
		7A9A02CF296FA776007D5E87 /* PBXTargetDependency */ = {
			isa = PBXTargetDependency;
			target = 7A9A02AC296FA775007D5E87 /* authenticator */;
			targetProxy = 7A9A02CE296FA776007D5E87 /* PBXContainerItemProxy */;
		};
/* End PBXTargetDependency section */

/* Begin XCBuildConfiguration section */
		7A9A02D5296FA776007D5E87 /* Debug */ = {
			isa = XCBuildConfiguration;
			buildSettings = {
				ALWAYS_SEARCH_USER_PATHS = NO;
				CLANG_ANALYZER_NONNULL = YES;
				CLANG_ANALYZER_NUMBER_OBJECT_CONVERSION = YES_AGGRESSIVE;
				CLANG_CXX_LANGUAGE_STANDARD = "gnu++20";
				CLANG_ENABLE_MODULES = YES;
				CLANG_ENABLE_OBJC_ARC = YES;
				CLANG_ENABLE_OBJC_WEAK = YES;
				CLANG_WARN_BLOCK_CAPTURE_AUTORELEASING = YES;
				CLANG_WARN_BOOL_CONVERSION = YES;
				CLANG_WARN_COMMA = YES;
				CLANG_WARN_CONSTANT_CONVERSION = YES;
				CLANG_WARN_DEPRECATED_OBJC_IMPLEMENTATIONS = YES;
				CLANG_WARN_DIRECT_OBJC_ISA_USAGE = YES_ERROR;
				CLANG_WARN_DOCUMENTATION_COMMENTS = YES;
				CLANG_WARN_EMPTY_BODY = YES;
				CLANG_WARN_ENUM_CONVERSION = YES;
				CLANG_WARN_INFINITE_RECURSION = YES;
				CLANG_WARN_INT_CONVERSION = YES;
				CLANG_WARN_NON_LITERAL_NULL_CONVERSION = YES;
				CLANG_WARN_OBJC_IMPLICIT_RETAIN_SELF = YES;
				CLANG_WARN_OBJC_LITERAL_CONVERSION = YES;
				CLANG_WARN_OBJC_ROOT_CLASS = YES_ERROR;
				CLANG_WARN_QUOTED_INCLUDE_IN_FRAMEWORK_HEADER = YES;
				CLANG_WARN_RANGE_LOOP_ANALYSIS = YES;
				CLANG_WARN_STRICT_PROTOTYPES = YES;
				CLANG_WARN_SUSPICIOUS_MOVE = YES;
				CLANG_WARN_UNGUARDED_AVAILABILITY = YES_AGGRESSIVE;
				CLANG_WARN_UNREACHABLE_CODE = YES;
				CLANG_WARN__DUPLICATE_METHOD_MATCH = YES;
				COPY_PHASE_STRIP = NO;
				DEBUG_INFORMATION_FORMAT = dwarf;
				ENABLE_STRICT_OBJC_MSGSEND = YES;
				ENABLE_TESTABILITY = YES;
				GCC_C_LANGUAGE_STANDARD = gnu11;
				GCC_DYNAMIC_NO_PIC = NO;
				GCC_NO_COMMON_BLOCKS = YES;
				GCC_OPTIMIZATION_LEVEL = 0;
				GCC_PREPROCESSOR_DEFINITIONS = (
					"DEBUG=1",
					"$(inherited)",
				);
				GCC_WARN_64_TO_32_BIT_CONVERSION = YES;
				GCC_WARN_ABOUT_RETURN_TYPE = YES_ERROR;
				GCC_WARN_UNDECLARED_SELECTOR = YES;
				GCC_WARN_UNINITIALIZED_AUTOS = YES_AGGRESSIVE;
				GCC_WARN_UNUSED_FUNCTION = YES;
				GCC_WARN_UNUSED_VARIABLE = YES;
				IPHONEOS_DEPLOYMENT_TARGET = 16.2;
				MTL_ENABLE_DEBUG_INFO = INCLUDE_SOURCE;
				MTL_FAST_MATH = YES;
				ONLY_ACTIVE_ARCH = YES;
				SDKROOT = iphoneos;
				SWIFT_ACTIVE_COMPILATION_CONDITIONS = DEBUG;
				SWIFT_OPTIMIZATION_LEVEL = "-Onone";
			};
			name = Debug;
		};
		7A9A02D6296FA776007D5E87 /* Release */ = {
			isa = XCBuildConfiguration;
			buildSettings = {
				ALWAYS_SEARCH_USER_PATHS = NO;
				CLANG_ANALYZER_NONNULL = YES;
				CLANG_ANALYZER_NUMBER_OBJECT_CONVERSION = YES_AGGRESSIVE;
				CLANG_CXX_LANGUAGE_STANDARD = "gnu++20";
				CLANG_ENABLE_MODULES = YES;
				CLANG_ENABLE_OBJC_ARC = YES;
				CLANG_ENABLE_OBJC_WEAK = YES;
				CLANG_WARN_BLOCK_CAPTURE_AUTORELEASING = YES;
				CLANG_WARN_BOOL_CONVERSION = YES;
				CLANG_WARN_COMMA = YES;
				CLANG_WARN_CONSTANT_CONVERSION = YES;
				CLANG_WARN_DEPRECATED_OBJC_IMPLEMENTATIONS = YES;
				CLANG_WARN_DIRECT_OBJC_ISA_USAGE = YES_ERROR;
				CLANG_WARN_DOCUMENTATION_COMMENTS = YES;
				CLANG_WARN_EMPTY_BODY = YES;
				CLANG_WARN_ENUM_CONVERSION = YES;
				CLANG_WARN_INFINITE_RECURSION = YES;
				CLANG_WARN_INT_CONVERSION = YES;
				CLANG_WARN_NON_LITERAL_NULL_CONVERSION = YES;
				CLANG_WARN_OBJC_IMPLICIT_RETAIN_SELF = YES;
				CLANG_WARN_OBJC_LITERAL_CONVERSION = YES;
				CLANG_WARN_OBJC_ROOT_CLASS = YES_ERROR;
				CLANG_WARN_QUOTED_INCLUDE_IN_FRAMEWORK_HEADER = YES;
				CLANG_WARN_RANGE_LOOP_ANALYSIS = YES;
				CLANG_WARN_STRICT_PROTOTYPES = YES;
				CLANG_WARN_SUSPICIOUS_MOVE = YES;
				CLANG_WARN_UNGUARDED_AVAILABILITY = YES_AGGRESSIVE;
				CLANG_WARN_UNREACHABLE_CODE = YES;
				CLANG_WARN__DUPLICATE_METHOD_MATCH = YES;
				COPY_PHASE_STRIP = NO;
				DEBUG_INFORMATION_FORMAT = "dwarf-with-dsym";
				ENABLE_NS_ASSERTIONS = NO;
				ENABLE_STRICT_OBJC_MSGSEND = YES;
				GCC_C_LANGUAGE_STANDARD = gnu11;
				GCC_NO_COMMON_BLOCKS = YES;
				GCC_WARN_64_TO_32_BIT_CONVERSION = YES;
				GCC_WARN_ABOUT_RETURN_TYPE = YES_ERROR;
				GCC_WARN_UNDECLARED_SELECTOR = YES;
				GCC_WARN_UNINITIALIZED_AUTOS = YES_AGGRESSIVE;
				GCC_WARN_UNUSED_FUNCTION = YES;
				GCC_WARN_UNUSED_VARIABLE = YES;
				IPHONEOS_DEPLOYMENT_TARGET = 16.2;
				MTL_ENABLE_DEBUG_INFO = NO;
				MTL_FAST_MATH = YES;
				SDKROOT = iphoneos;
				SWIFT_COMPILATION_MODE = wholemodule;
				SWIFT_OPTIMIZATION_LEVEL = "-O";
				VALIDATE_PRODUCT = YES;
			};
			name = Release;
		};
		7A9A02D8296FA776007D5E87 /* Debug */ = {
			isa = XCBuildConfiguration;
			baseConfigurationReference = FDBF1B2E3747F849585A7A34 /* Pods-authenticator.debug.xcconfig */;
			buildSettings = {
				ASSETCATALOG_COMPILER_APPICON_NAME = AppIcon;
				ASSETCATALOG_COMPILER_GLOBAL_ACCENT_COLOR_NAME = AccentColor;
				CODE_SIGN_STYLE = Automatic;
				CURRENT_PROJECT_VERSION = 1;
				DEVELOPMENT_ASSET_PATHS = "\"authenticator/Preview Content\"";
				DEVELOPMENT_TEAM = 6PA3MD6GF9;
				ENABLE_PREVIEWS = YES;
				GENERATE_INFOPLIST_FILE = YES;
				INFOPLIST_KEY_UIApplicationSceneManifest_Generation = YES;
				INFOPLIST_KEY_UIApplicationSupportsIndirectInputEvents = YES;
				INFOPLIST_KEY_UILaunchScreen_Generation = YES;
				INFOPLIST_KEY_UISupportedInterfaceOrientations_iPad = "UIInterfaceOrientationPortrait UIInterfaceOrientationPortraitUpsideDown UIInterfaceOrientationLandscapeLeft UIInterfaceOrientationLandscapeRight";
				INFOPLIST_KEY_UISupportedInterfaceOrientations_iPhone = "UIInterfaceOrientationPortrait UIInterfaceOrientationLandscapeLeft UIInterfaceOrientationLandscapeRight";
				LD_RUNPATH_SEARCH_PATHS = (
					"$(inherited)",
					"@executable_path/Frameworks",
				);
				MARKETING_VERSION = 1.0;
				PRODUCT_BUNDLE_IDENTIFIER = dev.jellyinc.authenticator;
				PRODUCT_NAME = "$(TARGET_NAME)";
				SWIFT_EMIT_LOC_STRINGS = YES;
				SWIFT_VERSION = 5.0;
				TARGETED_DEVICE_FAMILY = "1,2";
			};
			name = Debug;
		};
		7A9A02D9296FA776007D5E87 /* Release */ = {
			isa = XCBuildConfiguration;
			baseConfigurationReference = DF6906520EB6477794EF7FC9 /* Pods-authenticator.release.xcconfig */;
			buildSettings = {
				ASSETCATALOG_COMPILER_APPICON_NAME = AppIcon;
				ASSETCATALOG_COMPILER_GLOBAL_ACCENT_COLOR_NAME = AccentColor;
				CODE_SIGN_STYLE = Automatic;
				CURRENT_PROJECT_VERSION = 1;
				DEVELOPMENT_ASSET_PATHS = "\"authenticator/Preview Content\"";
				DEVELOPMENT_TEAM = 6PA3MD6GF9;
				ENABLE_PREVIEWS = YES;
				GENERATE_INFOPLIST_FILE = YES;
				INFOPLIST_KEY_UIApplicationSceneManifest_Generation = YES;
				INFOPLIST_KEY_UIApplicationSupportsIndirectInputEvents = YES;
				INFOPLIST_KEY_UILaunchScreen_Generation = YES;
				INFOPLIST_KEY_UISupportedInterfaceOrientations_iPad = "UIInterfaceOrientationPortrait UIInterfaceOrientationPortraitUpsideDown UIInterfaceOrientationLandscapeLeft UIInterfaceOrientationLandscapeRight";
				INFOPLIST_KEY_UISupportedInterfaceOrientations_iPhone = "UIInterfaceOrientationPortrait UIInterfaceOrientationLandscapeLeft UIInterfaceOrientationLandscapeRight";
				LD_RUNPATH_SEARCH_PATHS = (
					"$(inherited)",
					"@executable_path/Frameworks",
				);
				MARKETING_VERSION = 1.0;
				PRODUCT_BUNDLE_IDENTIFIER = dev.jellyinc.authenticator;
				PRODUCT_NAME = "$(TARGET_NAME)";
				SWIFT_EMIT_LOC_STRINGS = YES;
				SWIFT_VERSION = 5.0;
				TARGETED_DEVICE_FAMILY = "1,2";
			};
			name = Release;
		};
		7A9A02DB296FA776007D5E87 /* Debug */ = {
			isa = XCBuildConfiguration;
			baseConfigurationReference = BBED22893324C18C071C6D69 /* Pods-authenticatorTests.debug.xcconfig */;
			buildSettings = {
				ALWAYS_EMBED_SWIFT_STANDARD_LIBRARIES = YES;
				BUNDLE_LOADER = "$(TEST_HOST)";
				CODE_SIGN_STYLE = Automatic;
				CURRENT_PROJECT_VERSION = 1;
				DEVELOPMENT_TEAM = 6PA3MD6GF9;
				GENERATE_INFOPLIST_FILE = YES;
				IPHONEOS_DEPLOYMENT_TARGET = 16.2;
				MARKETING_VERSION = 1.0;
				PRODUCT_BUNDLE_IDENTIFIER = dev.jellyinc.authenticatorTests;
				PRODUCT_NAME = "$(TARGET_NAME)";
				SWIFT_EMIT_LOC_STRINGS = NO;
				SWIFT_VERSION = 5.0;
				TARGETED_DEVICE_FAMILY = "1,2";
				TEST_HOST = "$(BUILT_PRODUCTS_DIR)/authenticator.app/$(BUNDLE_EXECUTABLE_FOLDER_PATH)/authenticator";
			};
			name = Debug;
		};
		7A9A02DC296FA776007D5E87 /* Release */ = {
			isa = XCBuildConfiguration;
			baseConfigurationReference = 4ACF2986E5510D5F00282937 /* Pods-authenticatorTests.release.xcconfig */;
			buildSettings = {
				ALWAYS_EMBED_SWIFT_STANDARD_LIBRARIES = YES;
				BUNDLE_LOADER = "$(TEST_HOST)";
				CODE_SIGN_STYLE = Automatic;
				CURRENT_PROJECT_VERSION = 1;
				DEVELOPMENT_TEAM = 6PA3MD6GF9;
				GENERATE_INFOPLIST_FILE = YES;
				IPHONEOS_DEPLOYMENT_TARGET = 16.2;
				MARKETING_VERSION = 1.0;
				PRODUCT_BUNDLE_IDENTIFIER = dev.jellyinc.authenticatorTests;
				PRODUCT_NAME = "$(TARGET_NAME)";
				SWIFT_EMIT_LOC_STRINGS = NO;
				SWIFT_VERSION = 5.0;
				TARGETED_DEVICE_FAMILY = "1,2";
				TEST_HOST = "$(BUILT_PRODUCTS_DIR)/authenticator.app/$(BUNDLE_EXECUTABLE_FOLDER_PATH)/authenticator";
			};
			name = Release;
		};
		7A9A02DE296FA776007D5E87 /* Debug */ = {
			isa = XCBuildConfiguration;
			baseConfigurationReference = 23BAC47481DD4CF6CEB43E32 /* Pods-authenticator-authenticatorUITests.debug.xcconfig */;
			buildSettings = {
				ALWAYS_EMBED_SWIFT_STANDARD_LIBRARIES = YES;
				CODE_SIGN_STYLE = Automatic;
				CURRENT_PROJECT_VERSION = 1;
				DEVELOPMENT_TEAM = 6PA3MD6GF9;
				GENERATE_INFOPLIST_FILE = YES;
				MARKETING_VERSION = 1.0;
				PRODUCT_BUNDLE_IDENTIFIER = dev.jellyinc.authenticatorUITests;
				PRODUCT_NAME = "$(TARGET_NAME)";
				SWIFT_EMIT_LOC_STRINGS = NO;
				SWIFT_VERSION = 5.0;
				TARGETED_DEVICE_FAMILY = "1,2";
				TEST_TARGET_NAME = authenticator;
			};
			name = Debug;
		};
		7A9A02DF296FA776007D5E87 /* Release */ = {
			isa = XCBuildConfiguration;
			baseConfigurationReference = 06CE3533C6FFFBAAD6EBB7F5 /* Pods-authenticator-authenticatorUITests.release.xcconfig */;
			buildSettings = {
				ALWAYS_EMBED_SWIFT_STANDARD_LIBRARIES = YES;
				CODE_SIGN_STYLE = Automatic;
				CURRENT_PROJECT_VERSION = 1;
				DEVELOPMENT_TEAM = 6PA3MD6GF9;
				GENERATE_INFOPLIST_FILE = YES;
				MARKETING_VERSION = 1.0;
				PRODUCT_BUNDLE_IDENTIFIER = dev.jellyinc.authenticatorUITests;
				PRODUCT_NAME = "$(TARGET_NAME)";
				SWIFT_EMIT_LOC_STRINGS = NO;
				SWIFT_VERSION = 5.0;
				TARGETED_DEVICE_FAMILY = "1,2";
				TEST_TARGET_NAME = authenticator;
			};
			name = Release;
		};
/* End XCBuildConfiguration section */

/* Begin XCConfigurationList section */
		7A9A02A8296FA775007D5E87 /* Build configuration list for PBXProject "authenticator" */ = {
			isa = XCConfigurationList;
			buildConfigurations = (
				7A9A02D5296FA776007D5E87 /* Debug */,
				7A9A02D6296FA776007D5E87 /* Release */,
			);
			defaultConfigurationIsVisible = 0;
			defaultConfigurationName = Release;
		};
		7A9A02D7296FA776007D5E87 /* Build configuration list for PBXNativeTarget "authenticator" */ = {
			isa = XCConfigurationList;
			buildConfigurations = (
				7A9A02D8296FA776007D5E87 /* Debug */,
				7A9A02D9296FA776007D5E87 /* Release */,
			);
			defaultConfigurationIsVisible = 0;
			defaultConfigurationName = Release;
		};
		7A9A02DA296FA776007D5E87 /* Build configuration list for PBXNativeTarget "authenticatorTests" */ = {
			isa = XCConfigurationList;
			buildConfigurations = (
				7A9A02DB296FA776007D5E87 /* Debug */,
				7A9A02DC296FA776007D5E87 /* Release */,
			);
			defaultConfigurationIsVisible = 0;
			defaultConfigurationName = Release;
		};
		7A9A02DD296FA776007D5E87 /* Build configuration list for PBXNativeTarget "authenticatorUITests" */ = {
			isa = XCConfigurationList;
			buildConfigurations = (
				7A9A02DE296FA776007D5E87 /* Debug */,
				7A9A02DF296FA776007D5E87 /* Release */,
			);
			defaultConfigurationIsVisible = 0;
			defaultConfigurationName = Release;
		};
/* End XCConfigurationList section */

/* Begin XCVersionGroup section */
		7A9A02BB296FA776007D5E87 /* authenticator.xcdatamodeld */ = {
			isa = XCVersionGroup;
			children = (
				7A9A02BC296FA776007D5E87 /* authenticator.xcdatamodel */,
			);
			currentVersion = 7A9A02BC296FA776007D5E87 /* authenticator.xcdatamodel */;
			path = authenticator.xcdatamodeld;
			sourceTree = "<group>";
			versionGroupType = wrapper.xcdatamodel;
		};
/* End XCVersionGroup section */
	};
	rootObject = 7A9A02A5296FA775007D5E87 /* Project object */;
}
